
Microsoft Visual Studio Solution File, Format Version 12.00
# Visual Studio Version 16
VisualStudioVersion = 16.0.32002.261
MinimumVisualStudioVersion = 10.0.40219.1
Project("{FAE04EC0-301F-11D3-BF4B-00C04F79EFBC}") = "University Management System 2", "University Management System 2.csproj", "{30D28470-7DF8-4038-B4FE-A75556CE7044}"
EndProject
Global
	GlobalSection(SolutionConfigurationPlatforms) = preSolution
		Debug|Any CPU = Debug|Any CPU
		Release|Any CPU = Release|Any CPU
	EndGlobalSection
	GlobalSection(ProjectConfigurationPlatforms) = postSolution
		{30D28470-7DF8-4038-B4FE-A75556CE7044}.Debug|Any CPU.ActiveCfg = Debug|Any CPU
		{30D28470-7DF8-4038-B4FE-A75556CE7044}.Debug|Any CPU.Build.0 = Debug|Any CPU
		{30D28470-7DF8-4038-B4FE-A75556CE7044}.Release|Any CPU.ActiveCfg = Release|Any CPU
		{30D28470-7DF8-4038-B4FE-A75556CE7044}.Release|Any CPU.Build.0 = Release|Any CPU
	EndGlobalSection
	GlobalSection(SolutionProperties) = preSolution
		HideSolutionNode = FALSE
	EndGlobalSection
	GlobalSection(ExtensibilityGlobals) = postSolution
		SolutionGuid = {34278DB4-8B6F-4054-B2FE-4DDE9E8B5BA5}
	EndGlobalSection
EndGlobal
